// !$*UTF8*$!
{
	archiveVersion = 1;
	classes = {
	};
	objectVersion = 55;
	objects = {

/* Begin PBXBuildFile section */
		FC038E9E28EFFFD400FD4874 /* HW_Api_PagingApp.swift in Sources */ = {isa = PBXBuildFile; fileRef = FC038E9D28EFFFD400FD4874 /* HW_Api_PagingApp.swift */; };
		FC038EA228EFFFD500FD4874 /* Assets.xcassets in Resources */ = {isa = PBXBuildFile; fileRef = FC038EA128EFFFD500FD4874 /* Assets.xcassets */; };
		FC038EB328F015FE00FD4874 /* MainView.swift in Sources */ = {isa = PBXBuildFile; fileRef = FC038EB228F015FE00FD4874 /* MainView.swift */; };
		FC038EB528F0160A00FD4874 /* MainViewModel.swift in Sources */ = {isa = PBXBuildFile; fileRef = FC038EB428F0160A00FD4874 /* MainViewModel.swift */; };
		FCCE4E7F28F01D71001D3B51 /* MoviesListView.swift in Sources */ = {isa = PBXBuildFile; fileRef = FCCE4E7E28F01D71001D3B51 /* MoviesListView.swift */; };
		FCCE4E8228F01E6C001D3B51 /* NetworkLayer in Frameworks */ = {isa = PBXBuildFile; productRef = FCCE4E8128F01E6C001D3B51 /* NetworkLayer */; };
		FCCE4E8628F0209C001D3B51 /* MoviesListViewModel.swift in Sources */ = {isa = PBXBuildFile; fileRef = FCCE4E8528F0209C001D3B51 /* MoviesListViewModel.swift */; };
		FCDE2C5F28F04A6100EE3DA5 /* TopDetailRowView.swift in Sources */ = {isa = PBXBuildFile; fileRef = FCDE2C5E28F04A6100EE3DA5 /* TopDetailRowView.swift */; };
		FCDE2C6328F04E6E00EE3DA5 /* SeriesListView.swift in Sources */ = {isa = PBXBuildFile; fileRef = FCDE2C6228F04E6E00EE3DA5 /* SeriesListView.swift */; };
		FCDE2C6528F04E8200EE3DA5 /* SeriesListViewModel.swift in Sources */ = {isa = PBXBuildFile; fileRef = FCDE2C6428F04E8200EE3DA5 /* SeriesListViewModel.swift */; };
		FCDE2C6928F058CA00EE3DA5 /* NavigationStack.swift in Sources */ = {isa = PBXBuildFile; fileRef = FCDE2C6828F058CA00EE3DA5 /* NavigationStack.swift */; };
		FCDE2C6C28F05BA100EE3DA5 /* ConfigManager.swift in Sources */ = {isa = PBXBuildFile; fileRef = FCDE2C6B28F05BA100EE3DA5 /* ConfigManager.swift */; };
		FCDE2C6E28F05BD000EE3DA5 /* Router.swift in Sources */ = {isa = PBXBuildFile; fileRef = FCDE2C6D28F05BD000EE3DA5 /* Router.swift */; };
		FCDE2C7128F05CC400EE3DA5 /* Screen.swift in Sources */ = {isa = PBXBuildFile; fileRef = FCDE2C7028F05CC400EE3DA5 /* Screen.swift */; };
		FCDE2C7428F05E4200EE3DA5 /* NavigationContainerViewModel.swift in Sources */ = {isa = PBXBuildFile; fileRef = FCDE2C7328F05E4200EE3DA5 /* NavigationContainerViewModel.swift */; };
		FCDE2C7828F05E9900EE3DA5 /* NavigationContainerView.swift in Sources */ = {isa = PBXBuildFile; fileRef = FCDE2C7728F05E9900EE3DA5 /* NavigationContainerView.swift */; };
/* End PBXBuildFile section */

/* Begin PBXFileReference section */
		FC038E9A28EFFFD400FD4874 /* HW Api Paging.app */ = {isa = PBXFileReference; explicitFileType = wrapper.application; includeInIndex = 0; path = "HW Api Paging.app"; sourceTree = BUILT_PRODUCTS_DIR; };
		FC038E9D28EFFFD400FD4874 /* HW_Api_PagingApp.swift */ = {isa = PBXFileReference; lastKnownFileType = sourcecode.swift; path = HW_Api_PagingApp.swift; sourceTree = "<group>"; };
		FC038EA128EFFFD500FD4874 /* Assets.xcassets */ = {isa = PBXFileReference; lastKnownFileType = folder.assetcatalog; path = Assets.xcassets; sourceTree = "<group>"; };
		FC038EAD28F0115A00FD4874 /* NetworkLayer */ = {isa = PBXFileReference; lastKnownFileType = text; path = NetworkLayer; sourceTree = SOURCE_ROOT; };
		FC038EB228F015FE00FD4874 /* MainView.swift */ = {isa = PBXFileReference; lastKnownFileType = sourcecode.swift; path = MainView.swift; sourceTree = "<group>"; };
		FC038EB428F0160A00FD4874 /* MainViewModel.swift */ = {isa = PBXFileReference; lastKnownFileType = sourcecode.swift; path = MainViewModel.swift; sourceTree = "<group>"; };
		FCCE4E7E28F01D71001D3B51 /* MoviesListView.swift */ = {isa = PBXFileReference; lastKnownFileType = sourcecode.swift; path = MoviesListView.swift; sourceTree = "<group>"; };
		FCCE4E8528F0209C001D3B51 /* MoviesListViewModel.swift */ = {isa = PBXFileReference; lastKnownFileType = sourcecode.swift; path = MoviesListViewModel.swift; sourceTree = "<group>"; };
		FCCE4E8728F0237B001D3B51 /* HW-Api-Paging-Info.plist */ = {isa = PBXFileReference; lastKnownFileType = text.plist; path = "HW-Api-Paging-Info.plist"; sourceTree = SOURCE_ROOT; };
		FCDE2C5E28F04A6100EE3DA5 /* TopDetailRowView.swift */ = {isa = PBXFileReference; lastKnownFileType = sourcecode.swift; path = TopDetailRowView.swift; sourceTree = "<group>"; };
		FCDE2C6228F04E6E00EE3DA5 /* SeriesListView.swift */ = {isa = PBXFileReference; lastKnownFileType = sourcecode.swift; path = SeriesListView.swift; sourceTree = "<group>"; };
		FCDE2C6428F04E8200EE3DA5 /* SeriesListViewModel.swift */ = {isa = PBXFileReference; lastKnownFileType = sourcecode.swift; path = SeriesListViewModel.swift; sourceTree = "<group>"; };
		FCDE2C6828F058CA00EE3DA5 /* NavigationStack.swift */ = {isa = PBXFileReference; lastKnownFileType = sourcecode.swift; path = NavigationStack.swift; sourceTree = "<group>"; };
		FCDE2C6B28F05BA100EE3DA5 /* ConfigManager.swift */ = {isa = PBXFileReference; lastKnownFileType = sourcecode.swift; path = ConfigManager.swift; sourceTree = "<group>"; };
		FCDE2C6D28F05BD000EE3DA5 /* Router.swift */ = {isa = PBXFileReference; lastKnownFileType = sourcecode.swift; path = Router.swift; sourceTree = "<group>"; };
		FCDE2C7028F05CC400EE3DA5 /* Screen.swift */ = {isa = PBXFileReference; lastKnownFileType = sourcecode.swift; path = Screen.swift; sourceTree = "<group>"; };
		FCDE2C7328F05E4200EE3DA5 /* NavigationContainerViewModel.swift */ = {isa = PBXFileReference; lastKnownFileType = sourcecode.swift; path = NavigationContainerViewModel.swift; sourceTree = "<group>"; };
		FCDE2C7728F05E9900EE3DA5 /* NavigationContainerView.swift */ = {isa = PBXFileReference; lastKnownFileType = sourcecode.swift; path = NavigationContainerView.swift; sourceTree = "<group>"; };
/* End PBXFileReference section */

/* Begin PBXFrameworksBuildPhase section */
		FC038E9728EFFFD400FD4874 /* Frameworks */ = {
			isa = PBXFrameworksBuildPhase;
			buildActionMask = 2147483647;
			files = (
				FCCE4E8228F01E6C001D3B51 /* NetworkLayer in Frameworks */,
			);
			runOnlyForDeploymentPostprocessing = 0;
		};
/* End PBXFrameworksBuildPhase section */

/* Begin PBXGroup section */
		FC038E9128EFFFD400FD4874 = {
			isa = PBXGroup;
			children = (
				FC038E9C28EFFFD400FD4874 /* HW Api Paging */,
				FC038E9B28EFFFD400FD4874 /* Products */,
				FCCE4E8028F01E6C001D3B51 /* Frameworks */,
			);
			sourceTree = "<group>";
		};
		FC038E9B28EFFFD400FD4874 /* Products */ = {
			isa = PBXGroup;
			children = (
				FC038E9A28EFFFD400FD4874 /* HW Api Paging.app */,
			);
			name = Products;
			sourceTree = "<group>";
		};
		FC038E9C28EFFFD400FD4874 /* HW Api Paging */ = {
			isa = PBXGroup;
			children = (
				FCDE2C7228F05D7200EE3DA5 /* Application */,
				FCDE2C6728F058A600EE3DA5 /* Navigation */,
				FC038EAE28F015AE00FD4874 /* Main */,
				FCCE4E8728F0237B001D3B51 /* HW-Api-Paging-Info.plist */,
				FC038E9D28EFFFD400FD4874 /* HW_Api_PagingApp.swift */,
				FC038EA128EFFFD500FD4874 /* Assets.xcassets */,
				FC038EAD28F0115A00FD4874 /* NetworkLayer */,
			);
			path = "HW Api Paging";
			sourceTree = "<group>";
		};
		FC038EAE28F015AE00FD4874 /* Main */ = {
			isa = PBXGroup;
			children = (
				FCDE2C5D28F04A4700EE3DA5 /* Rows */,
				FC038EB028F015BF00FD4874 /* ViewModel */,
				FC038EAF28F015B300FD4874 /* View */,
			);
			path = Main;
			sourceTree = "<group>";
		};
		FC038EAF28F015B300FD4874 /* View */ = {
			isa = PBXGroup;
			children = (
				FC038EB228F015FE00FD4874 /* MainView.swift */,
			);
			path = View;
			sourceTree = "<group>";
		};
		FC038EB028F015BF00FD4874 /* ViewModel */ = {
			isa = PBXGroup;
			children = (
				FC038EB428F0160A00FD4874 /* MainViewModel.swift */,
			);
			path = ViewModel;
			sourceTree = "<group>";
		};
		FC038EB628F01D1200FD4874 /* Series */ = {
			isa = PBXGroup;
			children = (
				FCDE2C6128F04E5500EE3DA5 /* ViewModel */,
				FCDE2C6028F04E4F00EE3DA5 /* View */,
			);
			path = Series;
			sourceTree = "<group>";
		};
		FC038EB728F01D1E00FD4874 /* Movies */ = {
			isa = PBXGroup;
			children = (
				FCCE4E8428F02085001D3B51 /* ViewModel */,
				FCCE4E8328F02080001D3B51 /* View */,
			);
			path = Movies;
			sourceTree = "<group>";
		};
		FCCE4E8028F01E6C001D3B51 /* Frameworks */ = {
			isa = PBXGroup;
			children = (
			);
			name = Frameworks;
			sourceTree = "<group>";
		};
		FCCE4E8328F02080001D3B51 /* View */ = {
			isa = PBXGroup;
			children = (
				FCCE4E7E28F01D71001D3B51 /* MoviesListView.swift */,
			);
			path = View;
			sourceTree = "<group>";
		};
		FCCE4E8428F02085001D3B51 /* ViewModel */ = {
			isa = PBXGroup;
			children = (
				FCCE4E8528F0209C001D3B51 /* MoviesListViewModel.swift */,
			);
			path = ViewModel;
			sourceTree = "<group>";
		};
		FCDE2C5D28F04A4700EE3DA5 /* Rows */ = {
			isa = PBXGroup;
			children = (
				FC038EB728F01D1E00FD4874 /* Movies */,
				FC038EB628F01D1200FD4874 /* Series */,
				FCDE2C6628F0508700EE3DA5 /* Other */,
			);
			path = Rows;
			sourceTree = "<group>";
		};
		FCDE2C6028F04E4F00EE3DA5 /* View */ = {
			isa = PBXGroup;
			children = (
				FCDE2C6228F04E6E00EE3DA5 /* SeriesListView.swift */,
			);
			path = View;
			sourceTree = "<group>";
		};
		FCDE2C6128F04E5500EE3DA5 /* ViewModel */ = {
			isa = PBXGroup;
			children = (
				FCDE2C6428F04E8200EE3DA5 /* SeriesListViewModel.swift */,
			);
			path = ViewModel;
			sourceTree = "<group>";
		};
		FCDE2C6628F0508700EE3DA5 /* Other */ = {
			isa = PBXGroup;
			children = (
				FCDE2C5E28F04A6100EE3DA5 /* TopDetailRowView.swift */,
			);
			path = Other;
			sourceTree = "<group>";
		};
		FCDE2C6728F058A600EE3DA5 /* Navigation */ = {
			isa = PBXGroup;
			children = (
				FCDE2C7628F05E8800EE3DA5 /* ViewModel */,
				FCDE2C7528F05E8100EE3DA5 /* View */,
				FCDE2C6F28F05CAE00EE3DA5 /* Other */,
			);
			path = Navigation;
			sourceTree = "<group>";
		};
		FCDE2C6A28F05B8F00EE3DA5 /* Config */ = {
			isa = PBXGroup;
			children = (
				FCDE2C6B28F05BA100EE3DA5 /* ConfigManager.swift */,
			);
			path = Config;
			sourceTree = "<group>";
		};
		FCDE2C6F28F05CAE00EE3DA5 /* Other */ = {
			isa = PBXGroup;
			children = (
				FCDE2C6828F058CA00EE3DA5 /* NavigationStack.swift */,
				FCDE2C6D28F05BD000EE3DA5 /* Router.swift */,
				FCDE2C7028F05CC400EE3DA5 /* Screen.swift */,
			);
			path = Other;
			sourceTree = "<group>";
		};
		FCDE2C7228F05D7200EE3DA5 /* Application */ = {
			isa = PBXGroup;
			children = (
				FCDE2C6A28F05B8F00EE3DA5 /* Config */,
			);
			path = Application;
			sourceTree = "<group>";
		};
		FCDE2C7528F05E8100EE3DA5 /* View */ = {
			isa = PBXGroup;
			children = (
				FCDE2C7728F05E9900EE3DA5 /* NavigationContainerView.swift */,
			);
			path = View;
			sourceTree = "<group>";
		};
		FCDE2C7628F05E8800EE3DA5 /* ViewModel */ = {
			isa = PBXGroup;
			children = (
				FCDE2C7328F05E4200EE3DA5 /* NavigationContainerViewModel.swift */,
			);
			path = ViewModel;
			sourceTree = "<group>";
		};
/* End PBXGroup section */

/* Begin PBXNativeTarget section */
		FC038E9928EFFFD400FD4874 /* HW Api Paging */ = {
			isa = PBXNativeTarget;
			buildConfigurationList = FC038EA828EFFFD500FD4874 /* Build configuration list for PBXNativeTarget "HW Api Paging" */;
			buildPhases = (
				FC038E9628EFFFD400FD4874 /* Sources */,
				FC038E9728EFFFD400FD4874 /* Frameworks */,
				FC038E9828EFFFD400FD4874 /* Resources */,
			);
			buildRules = (
			);
			dependencies = (
			);
			name = "HW Api Paging";
			packageProductDependencies = (
				FCCE4E8128F01E6C001D3B51 /* NetworkLayer */,
			);
			productName = "HW Api Paging";
			productReference = FC038E9A28EFFFD400FD4874 /* HW Api Paging.app */;
			productType = "com.apple.product-type.application";
		};
/* End PBXNativeTarget section */

/* Begin PBXProject section */
		FC038E9228EFFFD400FD4874 /* Project object */ = {
			isa = PBXProject;
			attributes = {
				BuildIndependentTargetsInParallel = 1;
				LastSwiftUpdateCheck = 1340;
				LastUpgradeCheck = 1340;
				TargetAttributes = {
					FC038E9928EFFFD400FD4874 = {
						CreatedOnToolsVersion = 13.4.1;
					};
				};
			};
			buildConfigurationList = FC038E9528EFFFD400FD4874 /* Build configuration list for PBXProject "HW Api Paging" */;
			compatibilityVersion = "Xcode 13.0";
			developmentRegion = en;
			hasScannedForEncodings = 0;
			knownRegions = (
				en,
				Base,
			);
			mainGroup = FC038E9128EFFFD400FD4874;
			productRefGroup = FC038E9B28EFFFD400FD4874 /* Products */;
			projectDirPath = "";
			projectRoot = "";
			targets = (
				FC038E9928EFFFD400FD4874 /* HW Api Paging */,
			);
		};
/* End PBXProject section */

/* Begin PBXResourcesBuildPhase section */
		FC038E9828EFFFD400FD4874 /* Resources */ = {
			isa = PBXResourcesBuildPhase;
			buildActionMask = 2147483647;
			files = (
				FC038EA228EFFFD500FD4874 /* Assets.xcassets in Resources */,
			);
			runOnlyForDeploymentPostprocessing = 0;
		};
/* End PBXResourcesBuildPhase section */

/* Begin PBXSourcesBuildPhase section */
		FC038E9628EFFFD400FD4874 /* Sources */ = {
			isa = PBXSourcesBuildPhase;
			buildActionMask = 2147483647;
			files = (
				FCDE2C6E28F05BD000EE3DA5 /* Router.swift in Sources */,
				FCDE2C7428F05E4200EE3DA5 /* NavigationContainerViewModel.swift in Sources */,
				FCCE4E8628F0209C001D3B51 /* MoviesListViewModel.swift in Sources */,
				FC038EB328F015FE00FD4874 /* MainView.swift in Sources */,
				FC038E9E28EFFFD400FD4874 /* HW_Api_PagingApp.swift in Sources */,
				FCDE2C6C28F05BA100EE3DA5 /* ConfigManager.swift in Sources */,
				FCCE4E7F28F01D71001D3B51 /* MoviesListView.swift in Sources */,
				FCDE2C6328F04E6E00EE3DA5 /* SeriesListView.swift in Sources */,
				FCDE2C7828F05E9900EE3DA5 /* NavigationContainerView.swift in Sources */,
				FC038EB528F0160A00FD4874 /* MainViewModel.swift in Sources */,
				FCDE2C6928F058CA00EE3DA5 /* NavigationStack.swift in Sources */,
				FCDE2C5F28F04A6100EE3DA5 /* TopDetailRowView.swift in Sources */,
				FCDE2C6528F04E8200EE3DA5 /* SeriesListViewModel.swift in Sources */,
				FCDE2C7128F05CC400EE3DA5 /* Screen.swift in Sources */,
			);
			runOnlyForDeploymentPostprocessing = 0;
		};
/* End PBXSourcesBuildPhase section */

/* Begin XCBuildConfiguration section */
		FC038EA628EFFFD500FD4874 /* Debug */ = {
			isa = XCBuildConfiguration;
			buildSettings = {
				ALWAYS_SEARCH_USER_PATHS = NO;
				CLANG_ANALYZER_NONNULL = YES;
				CLANG_ANALYZER_NUMBER_OBJECT_CONVERSION = YES_AGGRESSIVE;
				CLANG_CXX_LANGUAGE_STANDARD = "gnu++17";
				CLANG_ENABLE_MODULES = YES;
				CLANG_ENABLE_OBJC_ARC = YES;
				CLANG_ENABLE_OBJC_WEAK = YES;
				CLANG_WARN_BLOCK_CAPTURE_AUTORELEASING = YES;
				CLANG_WARN_BOOL_CONVERSION = YES;
				CLANG_WARN_COMMA = YES;
				CLANG_WARN_CONSTANT_CONVERSION = YES;
				CLANG_WARN_DEPRECATED_OBJC_IMPLEMENTATIONS = YES;
				CLANG_WARN_DIRECT_OBJC_ISA_USAGE = YES_ERROR;
				CLANG_WARN_DOCUMENTATION_COMMENTS = YES;
				CLANG_WARN_EMPTY_BODY = YES;
				CLANG_WARN_ENUM_CONVERSION = YES;
				CLANG_WARN_INFINITE_RECURSION = YES;
				CLANG_WARN_INT_CONVERSION = YES;
				CLANG_WARN_NON_LITERAL_NULL_CONVERSION = YES;
				CLANG_WARN_OBJC_IMPLICIT_RETAIN_SELF = YES;
				CLANG_WARN_OBJC_LITERAL_CONVERSION = YES;
				CLANG_WARN_OBJC_ROOT_CLASS = YES_ERROR;
				CLANG_WARN_QUOTED_INCLUDE_IN_FRAMEWORK_HEADER = YES;
				CLANG_WARN_RANGE_LOOP_ANALYSIS = YES;
				CLANG_WARN_STRICT_PROTOTYPES = YES;
				CLANG_WARN_SUSPICIOUS_MOVE = YES;
				CLANG_WARN_UNGUARDED_AVAILABILITY = YES_AGGRESSIVE;
				CLANG_WARN_UNREACHABLE_CODE = YES;
				CLANG_WARN__DUPLICATE_METHOD_MATCH = YES;
				COPY_PHASE_STRIP = NO;
				DEBUG_INFORMATION_FORMAT = dwarf;
				ENABLE_STRICT_OBJC_MSGSEND = YES;
				ENABLE_TESTABILITY = YES;
				GCC_C_LANGUAGE_STANDARD = gnu11;
				GCC_DYNAMIC_NO_PIC = NO;
				GCC_NO_COMMON_BLOCKS = YES;
				GCC_OPTIMIZATION_LEVEL = 0;
				GCC_PREPROCESSOR_DEFINITIONS = (
					"DEBUG=1",
					"$(inherited)",
				);
				GCC_WARN_64_TO_32_BIT_CONVERSION = YES;
				GCC_WARN_ABOUT_RETURN_TYPE = YES_ERROR;
				GCC_WARN_UNDECLARED_SELECTOR = YES;
				GCC_WARN_UNINITIALIZED_AUTOS = YES_AGGRESSIVE;
				GCC_WARN_UNUSED_FUNCTION = YES;
				GCC_WARN_UNUSED_VARIABLE = YES;
				IPHONEOS_DEPLOYMENT_TARGET = 15.5;
				MTL_ENABLE_DEBUG_INFO = INCLUDE_SOURCE;
				MTL_FAST_MATH = YES;
				ONLY_ACTIVE_ARCH = YES;
				SDKROOT = iphoneos;
				SWIFT_ACTIVE_COMPILATION_CONDITIONS = DEBUG;
				SWIFT_OPTIMIZATION_LEVEL = "-Onone";
			};
			name = Debug;
		};
		FC038EA728EFFFD500FD4874 /* Release */ = {
			isa = XCBuildConfiguration;
			buildSettings = {
				ALWAYS_SEARCH_USER_PATHS = NO;
				CLANG_ANALYZER_NONNULL = YES;
				CLANG_ANALYZER_NUMBER_OBJECT_CONVERSION = YES_AGGRESSIVE;
				CLANG_CXX_LANGUAGE_STANDARD = "gnu++17";
				CLANG_ENABLE_MODULES = YES;
				CLANG_ENABLE_OBJC_ARC = YES;
				CLANG_ENABLE_OBJC_WEAK = YES;
				CLANG_WARN_BLOCK_CAPTURE_AUTORELEASING = YES;
				CLANG_WARN_BOOL_CONVERSION = YES;
				CLANG_WARN_COMMA = YES;
				CLANG_WARN_CONSTANT_CONVERSION = YES;
				CLANG_WARN_DEPRECATED_OBJC_IMPLEMENTATIONS = YES;
				CLANG_WARN_DIRECT_OBJC_ISA_USAGE = YES_ERROR;
				CLANG_WARN_DOCUMENTATION_COMMENTS = YES;
				CLANG_WARN_EMPTY_BODY = YES;
				CLANG_WARN_ENUM_CONVERSION = YES;
				CLANG_WARN_INFINITE_RECURSION = YES;
				CLANG_WARN_INT_CONVERSION = YES;
				CLANG_WARN_NON_LITERAL_NULL_CONVERSION = YES;
				CLANG_WARN_OBJC_IMPLICIT_RETAIN_SELF = YES;
				CLANG_WARN_OBJC_LITERAL_CONVERSION = YES;
				CLANG_WARN_OBJC_ROOT_CLASS = YES_ERROR;
				CLANG_WARN_QUOTED_INCLUDE_IN_FRAMEWORK_HEADER = YES;
				CLANG_WARN_RANGE_LOOP_ANALYSIS = YES;
				CLANG_WARN_STRICT_PROTOTYPES = YES;
				CLANG_WARN_SUSPICIOUS_MOVE = YES;
				CLANG_WARN_UNGUARDED_AVAILABILITY = YES_AGGRESSIVE;
				CLANG_WARN_UNREACHABLE_CODE = YES;
				CLANG_WARN__DUPLICATE_METHOD_MATCH = YES;
				COPY_PHASE_STRIP = NO;
				DEBUG_INFORMATION_FORMAT = "dwarf-with-dsym";
				ENABLE_NS_ASSERTIONS = NO;
				ENABLE_STRICT_OBJC_MSGSEND = YES;
				GCC_C_LANGUAGE_STANDARD = gnu11;
				GCC_NO_COMMON_BLOCKS = YES;
				GCC_WARN_64_TO_32_BIT_CONVERSION = YES;
				GCC_WARN_ABOUT_RETURN_TYPE = YES_ERROR;
				GCC_WARN_UNDECLARED_SELECTOR = YES;
				GCC_WARN_UNINITIALIZED_AUTOS = YES_AGGRESSIVE;
				GCC_WARN_UNUSED_FUNCTION = YES;
				GCC_WARN_UNUSED_VARIABLE = YES;
				IPHONEOS_DEPLOYMENT_TARGET = 15.5;
				MTL_ENABLE_DEBUG_INFO = NO;
				MTL_FAST_MATH = YES;
				SDKROOT = iphoneos;
				SWIFT_COMPILATION_MODE = wholemodule;
				SWIFT_OPTIMIZATION_LEVEL = "-O";
				VALIDATE_PRODUCT = YES;
			};
			name = Release;
		};
		FC038EA928EFFFD500FD4874 /* Debug */ = {
			isa = XCBuildConfiguration;
			buildSettings = {
				ASSETCATALOG_COMPILER_APPICON_NAME = AppIcon;
				ASSETCATALOG_COMPILER_GLOBAL_ACCENT_COLOR_NAME = AccentColor;
				CODE_SIGN_STYLE = Automatic;
				CURRENT_PROJECT_VERSION = 1;
				DEVELOPMENT_ASSET_PATHS = "";
				DEVELOPMENT_TEAM = 7SDDGHR698;
				ENABLE_PREVIEWS = YES;
				GENERATE_INFOPLIST_FILE = YES;
				INFOPLIST_FILE = "HW-Api-Paging-Info.plist";
				INFOPLIST_KEY_UIApplicationSceneManifest_Generation = YES;
				INFOPLIST_KEY_UIApplicationSupportsIndirectInputEvents = YES;
				INFOPLIST_KEY_UILaunchScreen_Generation = YES;
				INFOPLIST_KEY_UISupportedInterfaceOrientations_iPad = "UIInterfaceOrientationPortrait UIInterfaceOrientationPortraitUpsideDown UIInterfaceOrientationLandscapeLeft UIInterfaceOrientationLandscapeRight";
				INFOPLIST_KEY_UISupportedInterfaceOrientations_iPhone = "UIInterfaceOrientationPortrait UIInterfaceOrientationLandscapeLeft UIInterfaceOrientationLandscapeRight";
				IPHONEOS_DEPLOYMENT_TARGET = 15.0;
				LD_RUNPATH_SEARCH_PATHS = (
					"$(inherited)",
					"@executable_path/Frameworks",
				);
				MARKETING_VERSION = 1.0;
				PRODUCT_BUNDLE_IDENTIFIER = "com.evc.hw-api-paging";
				PRODUCT_NAME = "$(TARGET_NAME)";
				SWIFT_EMIT_LOC_STRINGS = YES;
				SWIFT_VERSION = 5.0;
				TARGETED_DEVICE_FAMILY = 1;
			};
			name = Debug;
		};
		FC038EAA28EFFFD500FD4874 /* Release */ = {
			isa = XCBuildConfiguration;
			buildSettings = {
				ASSETCATALOG_COMPILER_APPICON_NAME = AppIcon;
				ASSETCATALOG_COMPILER_GLOBAL_ACCENT_COLOR_NAME = AccentColor;
				CODE_SIGN_STYLE = Automatic;
				CURRENT_PROJECT_VERSION = 1;
				DEVELOPMENT_ASSET_PATHS = "";
				DEVELOPMENT_TEAM = 7SDDGHR698;
				ENABLE_PREVIEWS = YES;
				GENERATE_INFOPLIST_FILE = YES;
				INFOPLIST_FILE = "HW-Api-Paging-Info.plist";
				INFOPLIST_KEY_UIApplicationSceneManifest_Generation = YES;
				INFOPLIST_KEY_UIApplicationSupportsIndirectInputEvents = YES;
				INFOPLIST_KEY_UILaunchScreen_Generation = YES;
				INFOPLIST_KEY_UISupportedInterfaceOrientations_iPad = "UIInterfaceOrientationPortrait UIInterfaceOrientationPortraitUpsideDown UIInterfaceOrientationLandscapeLeft UIInterfaceOrientationLandscapeRight";
				INFOPLIST_KEY_UISupportedInterfaceOrientations_iPhone = "UIInterfaceOrientationPortrait UIInterfaceOrientationLandscapeLeft UIInterfaceOrientationLandscapeRight";
				IPHONEOS_DEPLOYMENT_TARGET = 15.0;
				LD_RUNPATH_SEARCH_PATHS = (
					"$(inherited)",
					"@executable_path/Frameworks",
				);
				MARKETING_VERSION = 1.0;
				PRODUCT_BUNDLE_IDENTIFIER = "com.evc.hw-api-paging";
				PRODUCT_NAME = "$(TARGET_NAME)";
				SWIFT_EMIT_LOC_STRINGS = YES;
				SWIFT_VERSION = 5.0;
				TARGETED_DEVICE_FAMILY = 1;
			};
			name = Release;
		};
/* End XCBuildConfiguration section */

/* Begin XCConfigurationList section */
		FC038E9528EFFFD400FD4874 /* Build configuration list for PBXProject "HW Api Paging" */ = {
			isa = XCConfigurationList;
			buildConfigurations = (
				FC038EA628EFFFD500FD4874 /* Debug */,
				FC038EA728EFFFD500FD4874 /* Release */,
			);
			defaultConfigurationIsVisible = 0;
			defaultConfigurationName = Release;
		};
		FC038EA828EFFFD500FD4874 /* Build configuration list for PBXNativeTarget "HW Api Paging" */ = {
			isa = XCConfigurationList;
			buildConfigurations = (
				FC038EA928EFFFD500FD4874 /* Debug */,
				FC038EAA28EFFFD500FD4874 /* Release */,
			);
			defaultConfigurationIsVisible = 0;
			defaultConfigurationName = Release;
		};
/* End XCConfigurationList section */

/* Begin XCSwiftPackageProductDependency section */
		FCCE4E8128F01E6C001D3B51 /* NetworkLayer */ = {
			isa = XCSwiftPackageProductDependency;
			productName = NetworkLayer;
		};
/* End XCSwiftPackageProductDependency section */
	};
	rootObject = FC038E9228EFFFD400FD4874 /* Project object */;
}
